
Microsoft Visual Studio Solution File, Format Version 12.00
# Visual Studio Version 17
VisualStudioVersion = 17.2.32526.322
MinimumVisualStudioVersion = 10.0.40219.1
Project("{9A19103F-16F7-4668-BE54-9A1E7A4F7556}") = "DnDApp", "src\DnDApp.csproj", "{997E9A2A-F099-42C0-9474-02E03B2D9492}"
EndProject
Project("{9A19103F-16F7-4668-BE54-9A1E7A4F7556}") = "tests", "tests\tests.csproj", "{99B3F5EB-F9ED-407F-B72A-43781E5CD4E1}"
EndProject
Global
	GlobalSection(SolutionConfigurationPlatforms) = preSolution
		Debug|Any CPU = Debug|Any CPU
		Debug|x64 = Debug|x64
		Debug|x86 = Debug|x86
		Release|Any CPU = Release|Any CPU
		Release|x64 = Release|x64
		Release|x86 = Release|x86
	EndGlobalSection
	GlobalSection(ProjectConfigurationPlatforms) = postSolution
		{997E9A2A-F099-42C0-9474-02E03B2D9492}.Debug|Any CPU.ActiveCfg = Debug|Any CPU
		{997E9A2A-F099-42C0-9474-02E03B2D9492}.Debug|Any CPU.Build.0 = Debug|Any CPU
		{997E9A2A-F099-42C0-9474-02E03B2D9492}.Debug|x64.ActiveCfg = Debug|Any CPU
		{997E9A2A-F099-42C0-9474-02E03B2D9492}.Debug|x64.Build.0 = Debug|Any CPU
		{997E9A2A-F099-42C0-9474-02E03B2D9492}.Debug|x86.ActiveCfg = Debug|Any CPU
		{997E9A2A-F099-42C0-9474-02E03B2D9492}.Debug|x86.Build.0 = Debug|Any CPU
		{997E9A2A-F099-42C0-9474-02E03B2D9492}.Release|Any CPU.ActiveCfg = Release|Any CPU
		{997E9A2A-F099-42C0-9474-02E03B2D9492}.Release|Any CPU.Build.0 = Release|Any CPU
		{997E9A2A-F099-42C0-9474-02E03B2D9492}.Release|x64.ActiveCfg = Release|Any CPU
		{997E9A2A-F099-42C0-9474-02E03B2D9492}.Release|x64.Build.0 = Release|Any CPU
		{997E9A2A-F099-42C0-9474-02E03B2D9492}.Release|x86.ActiveCfg = Release|Any CPU
		{997E9A2A-F099-42C0-9474-02E03B2D9492}.Release|x86.Build.0 = Release|Any CPU
		{99B3F5EB-F9ED-407F-B72A-43781E5CD4E1}.Debug|Any CPU.ActiveCfg = Debug|Any CPU
		{99B3F5EB-F9ED-407F-B72A-43781E5CD4E1}.Debug|Any CPU.Build.0 = Debug|Any CPU
		{99B3F5EB-F9ED-407F-B72A-43781E5CD4E1}.Debug|x64.ActiveCfg = Debug|Any CPU
		{99B3F5EB-F9ED-407F-B72A-43781E5CD4E1}.Debug|x64.Build.0 = Debug|Any CPU
		{99B3F5EB-F9ED-407F-B72A-43781E5CD4E1}.Debug|x86.ActiveCfg = Debug|Any CPU
		{99B3F5EB-F9ED-407F-B72A-43781E5CD4E1}.Debug|x86.Build.0 = Debug|Any CPU
		{99B3F5EB-F9ED-407F-B72A-43781E5CD4E1}.Release|Any CPU.ActiveCfg = Release|Any CPU
		{99B3F5EB-F9ED-407F-B72A-43781E5CD4E1}.Release|Any CPU.Build.0 = Release|Any CPU
		{99B3F5EB-F9ED-407F-B72A-43781E5CD4E1}.Release|x64.ActiveCfg = Release|Any CPU
		{99B3F5EB-F9ED-407F-B72A-43781E5CD4E1}.Release|x64.Build.0 = Release|Any CPU
		{99B3F5EB-F9ED-407F-B72A-43781E5CD4E1}.Release|x86.ActiveCfg = Release|Any CPU
		{99B3F5EB-F9ED-407F-B72A-43781E5CD4E1}.Release|x86.Build.0 = Release|Any CPU
	EndGlobalSection
	GlobalSection(SolutionProperties) = preSolution
		HideSolutionNode = FALSE
	EndGlobalSection
	GlobalSection(ExtensibilityGlobals) = postSolution
		SolutionGuid = {7A038D93-BF31-4AED-81F8-89A09C7EA414}
	EndGlobalSection
EndGlobal
